
Microsoft Visual Studio Solution File, Format Version 12.00
# Visual Studio Version 16
VisualStudioVersion = 16.0.32002.261
MinimumVisualStudioVersion = 10.0.40219.1
Project("{FAE04EC0-301F-11D3-BF4B-00C04F79EFBC}") = "Threshold", "Threshold\Threshold.csproj", "{D796F3C7-CA6E-4824-B1B6-33B8B2459148}"
EndProject
Global
	GlobalSection(SolutionConfigurationPlatforms) = preSolution
		Debug|Any CPU = Debug|Any CPU
		Release|Any CPU = Release|Any CPU
	EndGlobalSection
	GlobalSection(ProjectConfigurationPlatforms) = postSolution
		{D796F3C7-CA6E-4824-B1B6-33B8B2459148}.Debug|Any CPU.ActiveCfg = Debug|Any CPU
		{D796F3C7-CA6E-4824-B1B6-33B8B2459148}.Debug|Any CPU.Build.0 = Debug|Any CPU
		{D796F3C7-CA6E-4824-B1B6-33B8B2459148}.Release|Any CPU.ActiveCfg = Release|Any CPU
		{D796F3C7-CA6E-4824-B1B6-33B8B2459148}.Release|Any CPU.Build.0 = Release|Any CPU
	EndGlobalSection
	GlobalSection(SolutionProperties) = preSolution
		HideSolutionNode = FALSE
	EndGlobalSection
	GlobalSection(ExtensibilityGlobals) = postSolution
		SolutionGuid = {CF4F2DA3-17A8-47AB-8EB9-352A0B5B6D40}
	EndGlobalSection
EndGlobal
