
Microsoft Visual Studio Solution File, Format Version 12.00
# Visual Studio Version 16
VisualStudioVersion = 16.0.32002.261
MinimumVisualStudioVersion = 10.0.40219.1
Project("{FAE04EC0-301F-11D3-BF4B-00C04F79EFBC}") = "Controls", "Controls\Controls.csproj", "{EC79B64A-7F17-4CBD-ABAE-76A9527EB591}"
EndProject
Global
	GlobalSection(SolutionConfigurationPlatforms) = preSolution
		Debug|Any CPU = Debug|Any CPU
		Release|Any CPU = Release|Any CPU
	EndGlobalSection
	GlobalSection(ProjectConfigurationPlatforms) = postSolution
		{EC79B64A-7F17-4CBD-ABAE-76A9527EB591}.Debug|Any CPU.ActiveCfg = Debug|Any CPU
		{EC79B64A-7F17-4CBD-ABAE-76A9527EB591}.Debug|Any CPU.Build.0 = Debug|Any CPU
		{EC79B64A-7F17-4CBD-ABAE-76A9527EB591}.Release|Any CPU.ActiveCfg = Release|Any CPU
		{EC79B64A-7F17-4CBD-ABAE-76A9527EB591}.Release|Any CPU.Build.0 = Release|Any CPU
	EndGlobalSection
	GlobalSection(SolutionProperties) = preSolution
		HideSolutionNode = FALSE
	EndGlobalSection
	GlobalSection(ExtensibilityGlobals) = postSolution
		SolutionGuid = {79676073-10F0-4FB6-BB67-5C193D106FAC}
	EndGlobalSection
EndGlobal
