
Microsoft Visual Studio Solution File, Format Version 12.00
# Visual Studio Version 16
VisualStudioVersion = 16.0.32002.261
MinimumVisualStudioVersion = 10.0.40219.1
Project("{FAE04EC0-301F-11D3-BF4B-00C04F79EFBC}") = "Secundomer2", "Secundomer2\Secundomer2.csproj", "{0D8EF265-7EF4-4B0F-98D6-DE856F79F88A}"
EndProject
Global
	GlobalSection(SolutionConfigurationPlatforms) = preSolution
		Debug|Any CPU = Debug|Any CPU
		Release|Any CPU = Release|Any CPU
	EndGlobalSection
	GlobalSection(ProjectConfigurationPlatforms) = postSolution
		{0D8EF265-7EF4-4B0F-98D6-DE856F79F88A}.Debug|Any CPU.ActiveCfg = Debug|Any CPU
		{0D8EF265-7EF4-4B0F-98D6-DE856F79F88A}.Debug|Any CPU.Build.0 = Debug|Any CPU
		{0D8EF265-7EF4-4B0F-98D6-DE856F79F88A}.Release|Any CPU.ActiveCfg = Release|Any CPU
		{0D8EF265-7EF4-4B0F-98D6-DE856F79F88A}.Release|Any CPU.Build.0 = Release|Any CPU
	EndGlobalSection
	GlobalSection(SolutionProperties) = preSolution
		HideSolutionNode = FALSE
	EndGlobalSection
	GlobalSection(ExtensibilityGlobals) = postSolution
		SolutionGuid = {F21B87A5-AC12-4288-8F93-AF44E81B859D}
	EndGlobalSection
EndGlobal
